
Microsoft Visual Studio Solution File, Format Version 12.00
# Visual Studio Version 17
VisualStudioVersion = 17.7.34024.191
MinimumVisualStudioVersion = 10.0.40219.1
Project("{FAE04EC0-301F-11D3-BF4B-00C04F79EFBC}") = "PDC6_Module06.Android", "PDC6_Module06.Android\PDC6_Module06.Android.csproj", "{D881D3C6-5AC9-4B7E-AC9C-33A441B6BE19}"
EndProject
Project("{FAE04EC0-301F-11D3-BF4B-00C04F79EFBC}") = "PDC6_Module06", "PDC6_Module06\PDC6_Module06.csproj", "{23CAC276-D697-4CEB-9B95-2B993047862F}"
EndProject
Global
	GlobalSection(SolutionConfigurationPlatforms) = preSolution
		Debug|Any CPU = Debug|Any CPU
		Release|Any CPU = Release|Any CPU
	EndGlobalSection
	GlobalSection(ProjectConfigurationPlatforms) = postSolution
		{D881D3C6-5AC9-4B7E-AC9C-33A441B6BE19}.Debug|Any CPU.ActiveCfg = Debug|Any CPU
		{D881D3C6-5AC9-4B7E-AC9C-33A441B6BE19}.Debug|Any CPU.Build.0 = Debug|Any CPU
		{D881D3C6-5AC9-4B7E-AC9C-33A441B6BE19}.Debug|Any CPU.Deploy.0 = Debug|Any CPU
		{D881D3C6-5AC9-4B7E-AC9C-33A441B6BE19}.Release|Any CPU.ActiveCfg = Release|Any CPU
		{D881D3C6-5AC9-4B7E-AC9C-33A441B6BE19}.Release|Any CPU.Build.0 = Release|Any CPU
		{D881D3C6-5AC9-4B7E-AC9C-33A441B6BE19}.Release|Any CPU.Deploy.0 = Release|Any CPU
		{23CAC276-D697-4CEB-9B95-2B993047862F}.Debug|Any CPU.ActiveCfg = Debug|Any CPU
		{23CAC276-D697-4CEB-9B95-2B993047862F}.Debug|Any CPU.Build.0 = Debug|Any CPU
		{23CAC276-D697-4CEB-9B95-2B993047862F}.Debug|Any CPU.Deploy.0 = Debug|Any CPU
		{23CAC276-D697-4CEB-9B95-2B993047862F}.Release|Any CPU.ActiveCfg = Release|Any CPU
		{23CAC276-D697-4CEB-9B95-2B993047862F}.Release|Any CPU.Build.0 = Release|Any CPU
		{23CAC276-D697-4CEB-9B95-2B993047862F}.Release|Any CPU.Deploy.0 = Release|Any CPU
	EndGlobalSection
	GlobalSection(SolutionProperties) = preSolution
		HideSolutionNode = FALSE
	EndGlobalSection
	GlobalSection(ExtensibilityGlobals) = postSolution
		SolutionGuid = {C9C69A87-E003-488F-91F7-F42A93FAC364}
	EndGlobalSection
EndGlobal
